
Microsoft Visual Studio Solution File, Format Version 12.00
# Visual Studio 2012
Project("{FAE04EC0-301F-11D3-BF4B-00C04F79EFBC}") = "PProg41951", "PProg41951.csproj", "{ED13DA47-11CB-453E-AF9B-E09514D37A3B}"
EndProject
Global
	GlobalSection(SolutionConfigurationPlatforms) = preSolution
		Debug|x86 = Debug|x86
		Release|x86 = Release|x86
	EndGlobalSection
	GlobalSection(ProjectConfigurationPlatforms) = postSolution
		{ED13DA47-11CB-453E-AF9B-E09514D37A3B}.Debug|x86.ActiveCfg = Debug|x86
		{ED13DA47-11CB-453E-AF9B-E09514D37A3B}.Debug|x86.Build.0 = Debug|x86
		{ED13DA47-11CB-453E-AF9B-E09514D37A3B}.Release|x86.ActiveCfg = Release|x86
		{ED13DA47-11CB-453E-AF9B-E09514D37A3B}.Release|x86.Build.0 = Release|x86
	EndGlobalSection
EndGlobal
