
Microsoft Visual Studio Solution File, Format Version 12.00
# Visual Studio 2012
Project("{FAE04EC0-301F-11D3-BF4B-00C04F79EFBC}") = "practicafinalroi", "practicafinalroi\practicafinalroi.csproj", "{02D79EFE-745D-4DAA-BB0B-32D8E8840865}"
EndProject
Global
	GlobalSection(SolutionConfigurationPlatforms) = preSolution
		Debug|x86 = Debug|x86
		Release|x86 = Release|x86
	EndGlobalSection
	GlobalSection(ProjectConfigurationPlatforms) = postSolution
		{02D79EFE-745D-4DAA-BB0B-32D8E8840865}.Debug|x86.ActiveCfg = Debug|x86
		{02D79EFE-745D-4DAA-BB0B-32D8E8840865}.Debug|x86.Build.0 = Debug|x86
		{02D79EFE-745D-4DAA-BB0B-32D8E8840865}.Release|x86.ActiveCfg = Release|x86
		{02D79EFE-745D-4DAA-BB0B-32D8E8840865}.Release|x86.Build.0 = Release|x86
	EndGlobalSection
EndGlobal
